
Microsoft Visual Studio Solution File, Format Version 12.00
# Visual Studio Version 17
VisualStudioVersion = 17.3.32901.215
MinimumVisualStudioVersion = 10.0.40219.1
Project("{8BC9CEB8-8B4A-11D0-8D11-00A0C91BC942}") = "4th_Week_OOP", "4th_Week_OOP\4th_Week_OOP.vcxproj", "{84782185-5DE6-41D3-A2FA-B20F8E08140B}"
EndProject
Global
	GlobalSection(SolutionConfigurationPlatforms) = preSolution
		Debug|x64 = Debug|x64
		Debug|x86 = Debug|x86
		Release|x64 = Release|x64
		Release|x86 = Release|x86
	EndGlobalSection
	GlobalSection(ProjectConfigurationPlatforms) = postSolution
		{84782185-5DE6-41D3-A2FA-B20F8E08140B}.Debug|x64.ActiveCfg = Debug|x64
		{84782185-5DE6-41D3-A2FA-B20F8E08140B}.Debug|x64.Build.0 = Debug|x64
		{84782185-5DE6-41D3-A2FA-B20F8E08140B}.Debug|x86.ActiveCfg = Debug|Win32
		{84782185-5DE6-41D3-A2FA-B20F8E08140B}.Debug|x86.Build.0 = Debug|Win32
		{84782185-5DE6-41D3-A2FA-B20F8E08140B}.Release|x64.ActiveCfg = Release|x64
		{84782185-5DE6-41D3-A2FA-B20F8E08140B}.Release|x64.Build.0 = Release|x64
		{84782185-5DE6-41D3-A2FA-B20F8E08140B}.Release|x86.ActiveCfg = Release|Win32
		{84782185-5DE6-41D3-A2FA-B20F8E08140B}.Release|x86.Build.0 = Release|Win32
	EndGlobalSection
	GlobalSection(SolutionProperties) = preSolution
		HideSolutionNode = FALSE
	EndGlobalSection
	GlobalSection(ExtensibilityGlobals) = postSolution
		SolutionGuid = {1F206BDE-CE43-4887-8D80-1B04F36D5E05}
	EndGlobalSection
EndGlobal
